
Microsoft Visual Studio Solution File, Format Version 12.00
# Visual Studio Version 16
VisualStudioVersion = 16.0.29123.88
MinimumVisualStudioVersion = 10.0.40219.1
Project("{FAE04EC0-301F-11D3-BF4B-00C04F79EFBC}") = "ClockPatience", "ClockPatience.csproj", "{607DD6A8-B287-4D79-A01D-4C02969976B5}"
EndProject
Global
	GlobalSection(SolutionConfigurationPlatforms) = preSolution
		Debug|Any CPU = Debug|Any CPU
		Release|Any CPU = Release|Any CPU
	EndGlobalSection
	GlobalSection(ProjectConfigurationPlatforms) = postSolution
		{607DD6A8-B287-4D79-A01D-4C02969976B5}.Debug|Any CPU.ActiveCfg = Debug|Any CPU
		{607DD6A8-B287-4D79-A01D-4C02969976B5}.Debug|Any CPU.Build.0 = Debug|Any CPU
		{607DD6A8-B287-4D79-A01D-4C02969976B5}.Release|Any CPU.ActiveCfg = Release|Any CPU
		{607DD6A8-B287-4D79-A01D-4C02969976B5}.Release|Any CPU.Build.0 = Release|Any CPU
	EndGlobalSection
	GlobalSection(SolutionProperties) = preSolution
		HideSolutionNode = FALSE
	EndGlobalSection
	GlobalSection(ExtensibilityGlobals) = postSolution
		SolutionGuid = {59863146-E227-4BDB-A58C-59C8EDD3B108}
	EndGlobalSection
EndGlobal
